
Microsoft Visual Studio Solution File, Format Version 12.00
# Visual Studio Version 17
VisualStudioVersion = 17.0.31919.166
MinimumVisualStudioVersion = 10.0.40219.1
Project("{9A19103F-16F7-4668-BE54-9A1E7A4F7556}") = "InnerCircle.Authentication.Service", "InnerCircle.Authentication.Service\InnerCircle.Authentication.Service.csproj", "{C8554C9D-50F4-45B9-86A3-A3B01BE50753}"
EndProject
Project("{9A19103F-16F7-4668-BE54-9A1E7A4F7556}") = "Data", "Data\Data.csproj", "{FD3C793F-99AE-4EC3-AE8A-7A3D0210E204}"
EndProject
Project("{FAE04EC0-301F-11D3-BF4B-00C04F79EFBC}") = "Tests", "Tests\Tests.csproj", "{D6939BF4-E309-4BD5-9B7B-6C0A0C09A4CF}"
EndProject
Global
	GlobalSection(SolutionConfigurationPlatforms) = preSolution
		Debug|Any CPU = Debug|Any CPU
		Release|Any CPU = Release|Any CPU
	EndGlobalSection
	GlobalSection(ProjectConfigurationPlatforms) = postSolution
		{C8554C9D-50F4-45B9-86A3-A3B01BE50753}.Debug|Any CPU.ActiveCfg = Debug|Any CPU
		{C8554C9D-50F4-45B9-86A3-A3B01BE50753}.Debug|Any CPU.Build.0 = Debug|Any CPU
		{C8554C9D-50F4-45B9-86A3-A3B01BE50753}.Release|Any CPU.ActiveCfg = Release|Any CPU
		{C8554C9D-50F4-45B9-86A3-A3B01BE50753}.Release|Any CPU.Build.0 = Release|Any CPU
		{FD3C793F-99AE-4EC3-AE8A-7A3D0210E204}.Debug|Any CPU.ActiveCfg = Debug|Any CPU
		{FD3C793F-99AE-4EC3-AE8A-7A3D0210E204}.Debug|Any CPU.Build.0 = Debug|Any CPU
		{FD3C793F-99AE-4EC3-AE8A-7A3D0210E204}.Release|Any CPU.ActiveCfg = Release|Any CPU
		{FD3C793F-99AE-4EC3-AE8A-7A3D0210E204}.Release|Any CPU.Build.0 = Release|Any CPU
		{D6939BF4-E309-4BD5-9B7B-6C0A0C09A4CF}.Debug|Any CPU.ActiveCfg = Debug|Any CPU
		{D6939BF4-E309-4BD5-9B7B-6C0A0C09A4CF}.Debug|Any CPU.Build.0 = Debug|Any CPU
		{D6939BF4-E309-4BD5-9B7B-6C0A0C09A4CF}.Release|Any CPU.ActiveCfg = Release|Any CPU
		{D6939BF4-E309-4BD5-9B7B-6C0A0C09A4CF}.Release|Any CPU.Build.0 = Release|Any CPU
	EndGlobalSection
	GlobalSection(SolutionProperties) = preSolution
		HideSolutionNode = FALSE
	EndGlobalSection
	GlobalSection(ExtensibilityGlobals) = postSolution
		SolutionGuid = {4E819DAA-21C3-4D5D-92BB-DA30831D1078}
	EndGlobalSection
EndGlobal
